// !$*UTF8*$!
{
	archiveVersion = 1;
	classes = {
	};
	objectVersion = 77;
	objects = {

/* Begin PBXBuildFile section */
		0FD7C9A5E69888402B2966A5 /* CardGenieWidgets.swift in Sources */ = {isa = PBXBuildFile; fileRef = 5F5AB7F6CAE5A21EF09AF911 /* CardGenieWidgets.swift */; };
		243B5B110776CAF9862B60B2 /* Foundation.framework in Frameworks */ = {isa = PBXBuildFile; fileRef = 1366CFE859D971510BFAC01B /* Foundation.framework */; };
		338A00E4950F35EB9C0FCF7C /* SwiftData.framework in Frameworks */ = {isa = PBXBuildFile; fileRef = BAF9E6B7CEC563A4571C1651 /* SwiftData.framework */; };
		9AE84A1FC40AE0CAC1B25140 /* DueCardsWidget.swift in Sources */ = {isa = PBXBuildFile; fileRef = 436843B806B8927DBA64B62E /* DueCardsWidget.swift */; };
		D4D6DBD567AC606A3E3385B6 /* StudyStreakWidget.swift in Sources */ = {isa = PBXBuildFile; fileRef = 0DF648323773E2232A019DA6 /* StudyStreakWidget.swift */; };
		DD821A877FEF073422B76903 /* SwiftUI.framework in Frameworks */ = {isa = PBXBuildFile; fileRef = 1752DD8FEE8ABFE4FADBD051 /* SwiftUI.framework */; };
		E6FC2F049787D5C7065542E3 /* WidgetKit.framework in Frameworks */ = {isa = PBXBuildFile; fileRef = 29C7F93CC78693411C89334B /* WidgetKit.framework */; };
		EB5ED80682FD61457AC24560 /* CardGenieWidgets.appex in Embed Foundation Extensions */ = {isa = PBXBuildFile; fileRef = 8E9077F3255B6E46E4489801 /* CardGenieWidgets.appex */; settings = {ATTRIBUTES = (RemoveHeadersOnCopy, ); }; };
/* End PBXBuildFile section */

/* Begin PBXContainerItemProxy section */
		49CE9DA12EA9ACC200C5855A /* PBXContainerItemProxy */ = {
			isa = PBXContainerItemProxy;
			containerPortal = 49CE9D892EA9ACC100C5855A /* Project object */;
			proxyType = 1;
			remoteGlobalIDString = 49CE9D902EA9ACC100C5855A;
			remoteInfo = CardGenie;
		};
		49CE9DAB2EA9ACC200C5855A /* PBXContainerItemProxy */ = {
			isa = PBXContainerItemProxy;
			containerPortal = 49CE9D892EA9ACC100C5855A /* Project object */;
			proxyType = 1;
			remoteGlobalIDString = 49CE9D902EA9ACC100C5855A;
			remoteInfo = CardGenie;
		};
		CB2ACD2092F113962DAF88A2 /* PBXContainerItemProxy */ = {
			isa = PBXContainerItemProxy;
			containerPortal = 49CE9D892EA9ACC100C5855A /* Project object */;
			proxyType = 1;
			remoteGlobalIDString = 9785F725A72A5FC029215723;
			remoteInfo = CardGenieWidgets;
		};
/* End PBXContainerItemProxy section */

/* Begin PBXCopyFilesBuildPhase section */
		D54429D97946BD33B69A0516 /* Embed Foundation Extensions */ = {
			isa = PBXCopyFilesBuildPhase;
			buildActionMask = 2147483647;
			dstPath = "";
			dstSubfolderSpec = 13;
			files = (
				EB5ED80682FD61457AC24560 /* CardGenieWidgets.appex in Embed Foundation Extensions */,
			);
			name = "Embed Foundation Extensions";
			runOnlyForDeploymentPostprocessing = 0;
		};
/* End PBXCopyFilesBuildPhase section */

/* Begin PBXFileReference section */
		0DF648323773E2232A019DA6 /* StudyStreakWidget.swift */ = {isa = PBXFileReference; includeInIndex = 1; lastKnownFileType = sourcecode.swift; name = StudyStreakWidget.swift; path = CardGenieWidgets/StudyStreakWidget.swift; sourceTree = "<group>"; };
		1366CFE859D971510BFAC01B /* Foundation.framework */ = {isa = PBXFileReference; lastKnownFileType = wrapper.framework; name = Foundation.framework; path = Platforms/iPhoneOS.platform/Developer/SDKs/iPhoneOS18.0.sdk/System/Library/Frameworks/Foundation.framework; sourceTree = DEVELOPER_DIR; };
		1752DD8FEE8ABFE4FADBD051 /* SwiftUI.framework */ = {isa = PBXFileReference; lastKnownFileType = wrapper.framework; name = SwiftUI.framework; path = Platforms/iPhoneOS.platform/Developer/SDKs/iPhoneOS18.0.sdk/System/Library/Frameworks/SwiftUI.framework; sourceTree = DEVELOPER_DIR; };
		29C7F93CC78693411C89334B /* WidgetKit.framework */ = {isa = PBXFileReference; lastKnownFileType = wrapper.framework; name = WidgetKit.framework; path = Platforms/iPhoneOS.platform/Developer/SDKs/iPhoneOS18.0.sdk/System/Library/Frameworks/WidgetKit.framework; sourceTree = DEVELOPER_DIR; };
		436843B806B8927DBA64B62E /* DueCardsWidget.swift */ = {isa = PBXFileReference; includeInIndex = 1; lastKnownFileType = sourcecode.swift; name = DueCardsWidget.swift; path = CardGenieWidgets/DueCardsWidget.swift; sourceTree = "<group>"; };
		49CE9D912EA9ACC100C5855A /* CardGenie.app */ = {isa = PBXFileReference; explicitFileType = wrapper.application; includeInIndex = 0; path = CardGenie.app; sourceTree = BUILT_PRODUCTS_DIR; };
		49CE9DA02EA9ACC200C5855A /* CardGenieTests.xctest */ = {isa = PBXFileReference; explicitFileType = wrapper.cfbundle; includeInIndex = 0; path = CardGenieTests.xctest; sourceTree = BUILT_PRODUCTS_DIR; };
		49CE9DAA2EA9ACC200C5855A /* CardGenieUITests.xctest */ = {isa = PBXFileReference; explicitFileType = wrapper.cfbundle; includeInIndex = 0; path = CardGenieUITests.xctest; sourceTree = BUILT_PRODUCTS_DIR; };
		5F5AB7F6CAE5A21EF09AF911 /* CardGenieWidgets.swift */ = {isa = PBXFileReference; includeInIndex = 1; lastKnownFileType = sourcecode.swift; name = CardGenieWidgets.swift; path = CardGenieWidgets/CardGenieWidgets.swift; sourceTree = "<group>"; };
		8E9077F3255B6E46E4489801 /* CardGenieWidgets.appex */ = {isa = PBXFileReference; explicitFileType = "wrapper.app-extension"; includeInIndex = 0; path = CardGenieWidgets.appex; sourceTree = BUILT_PRODUCTS_DIR; };
		BAF9E6B7CEC563A4571C1651 /* SwiftData.framework */ = {isa = PBXFileReference; lastKnownFileType = wrapper.framework; name = SwiftData.framework; path = Platforms/iPhoneOS.platform/Developer/SDKs/iPhoneOS18.0.sdk/System/Library/Frameworks/SwiftData.framework; sourceTree = DEVELOPER_DIR; };
/* End PBXFileReference section */

/* Begin PBXFileSystemSynchronizedBuildFileExceptionSet section */
		49353E0F2EBB144C006EE7E2 /* Exceptions for "CardGenie" folder in "CardGenieWidgets" target */ = {
			isa = PBXFileSystemSynchronizedBuildFileExceptionSet;
			membershipExceptions = (
				Data/ContentGenerationModels.swift,
				Data/ConversationalModels.swift,
				Data/FlashcardModels.swift,
				Data/GameModeModels.swift,
				Data/Models.swift,
			);
			target = 9785F725A72A5FC029215723 /* CardGenieWidgets */;
		};
/* End PBXFileSystemSynchronizedBuildFileExceptionSet section */

/* Begin PBXFileSystemSynchronizedRootGroup section */
		49CE9D932EA9ACC100C5855A /* CardGenie */ = {
			isa = PBXFileSystemSynchronizedRootGroup;
			exceptions = (
				49353E0F2EBB144C006EE7E2 /* Exceptions for "CardGenie" folder in "CardGenieWidgets" target */,
			);
			path = CardGenie;
			sourceTree = "<group>";
		};
		49CE9DA32EA9ACC200C5855A /* CardGenieTests */ = {
			isa = PBXFileSystemSynchronizedRootGroup;
			exceptions = (
			);
			path = CardGenieTests;
			sourceTree = "<group>";
		};
		49CE9DAD2EA9ACC200C5855A /* CardGenieUITests */ = {
			isa = PBXFileSystemSynchronizedRootGroup;
			exceptions = (
			);
			path = CardGenieUITests;
			sourceTree = "<group>";
		};
/* End PBXFileSystemSynchronizedRootGroup section */

/* Begin PBXFrameworksBuildPhase section */
		25EBDEDB0F4D95DB73580178 /* Frameworks */ = {
			isa = PBXFrameworksBuildPhase;
			buildActionMask = 2147483647;
			files = (
				243B5B110776CAF9862B60B2 /* Foundation.framework in Frameworks */,
				DD821A877FEF073422B76903 /* SwiftUI.framework in Frameworks */,
				E6FC2F049787D5C7065542E3 /* WidgetKit.framework in Frameworks */,
				338A00E4950F35EB9C0FCF7C /* SwiftData.framework in Frameworks */,
			);
			runOnlyForDeploymentPostprocessing = 0;
		};
		49CE9D8E2EA9ACC100C5855A /* Frameworks */ = {
			isa = PBXFrameworksBuildPhase;
			buildActionMask = 2147483647;
			files = (
			);
			runOnlyForDeploymentPostprocessing = 0;
		};
		49CE9D9D2EA9ACC200C5855A /* Frameworks */ = {
			isa = PBXFrameworksBuildPhase;
			buildActionMask = 2147483647;
			files = (
			);
			runOnlyForDeploymentPostprocessing = 0;
		};
		49CE9DA72EA9ACC200C5855A /* Frameworks */ = {
			isa = PBXFrameworksBuildPhase;
			buildActionMask = 2147483647;
			files = (
			);
			runOnlyForDeploymentPostprocessing = 0;
		};
/* End PBXFrameworksBuildPhase section */

/* Begin PBXGroup section */
		49CE9D882EA9ACC100C5855A = {
			isa = PBXGroup;
			children = (
				49CE9D932EA9ACC100C5855A /* CardGenie */,
				49CE9DA32EA9ACC200C5855A /* CardGenieTests */,
				49CE9DAD2EA9ACC200C5855A /* CardGenieUITests */,
				49CE9D922EA9ACC100C5855A /* Products */,
				E5960A2574ACFDEF1CEDA3CD /* Frameworks */,
				B5AEB8C6584921F74B9350C6 /* CardGenieWidgets */,
			);
			sourceTree = "<group>";
		};
		49CE9D922EA9ACC100C5855A /* Products */ = {
			isa = PBXGroup;
			children = (
				49CE9D912EA9ACC100C5855A /* CardGenie.app */,
				49CE9DA02EA9ACC200C5855A /* CardGenieTests.xctest */,
				49CE9DAA2EA9ACC200C5855A /* CardGenieUITests.xctest */,
				8E9077F3255B6E46E4489801 /* CardGenieWidgets.appex */,
			);
			name = Products;
			sourceTree = "<group>";
		};
		53883D549349739B6CE779B8 /* iOS */ = {
			isa = PBXGroup;
			children = (
				1366CFE859D971510BFAC01B /* Foundation.framework */,
				1752DD8FEE8ABFE4FADBD051 /* SwiftUI.framework */,
				29C7F93CC78693411C89334B /* WidgetKit.framework */,
				BAF9E6B7CEC563A4571C1651 /* SwiftData.framework */,
			);
			name = iOS;
			sourceTree = "<group>";
		};
		B5AEB8C6584921F74B9350C6 /* CardGenieWidgets */ = {
			isa = PBXGroup;
			children = (
				5F5AB7F6CAE5A21EF09AF911 /* CardGenieWidgets.swift */,
				436843B806B8927DBA64B62E /* DueCardsWidget.swift */,
				0DF648323773E2232A019DA6 /* StudyStreakWidget.swift */,
			);
			name = CardGenieWidgets;
			sourceTree = SOURCE_ROOT;
		};
		E5960A2574ACFDEF1CEDA3CD /* Frameworks */ = {
			isa = PBXGroup;
			children = (
				53883D549349739B6CE779B8 /* iOS */,
			);
			name = Frameworks;
			sourceTree = "<group>";
		};
/* End PBXGroup section */

/* Begin PBXNativeTarget section */
		49CE9D902EA9ACC100C5855A /* CardGenie */ = {
			isa = PBXNativeTarget;
			buildConfigurationList = 49CE9DB42EA9ACC200C5855A /* Build configuration list for PBXNativeTarget "CardGenie" */;
			buildPhases = (
				49CE9D8D2EA9ACC100C5855A /* Sources */,
				49CE9D8E2EA9ACC100C5855A /* Frameworks */,
				49CE9D8F2EA9ACC100C5855A /* Resources */,
				D54429D97946BD33B69A0516 /* Embed Foundation Extensions */,
			);
			buildRules = (
			);
			dependencies = (
				A3F09CF5B4E7895C2856416E /* PBXTargetDependency */,
			);
			fileSystemSynchronizedGroups = (
				49CE9D932EA9ACC100C5855A /* CardGenie */,
			);
			name = CardGenie;
			productName = CardGenie;
			productReference = 49CE9D912EA9ACC100C5855A /* CardGenie.app */;
			productType = "com.apple.product-type.application";
		};
		49CE9D9F2EA9ACC200C5855A /* CardGenieTests */ = {
			isa = PBXNativeTarget;
			buildConfigurationList = 49CE9DB72EA9ACC200C5855A /* Build configuration list for PBXNativeTarget "CardGenieTests" */;
			buildPhases = (
				49CE9D9C2EA9ACC200C5855A /* Sources */,
				49CE9D9D2EA9ACC200C5855A /* Frameworks */,
				49CE9D9E2EA9ACC200C5855A /* Resources */,
			);
			buildRules = (
			);
			dependencies = (
				49CE9DA22EA9ACC200C5855A /* PBXTargetDependency */,
			);
			fileSystemSynchronizedGroups = (
				49CE9DA32EA9ACC200C5855A /* CardGenieTests */,
			);
			name = CardGenieTests;
			productName = CardGenieTests;
			productReference = 49CE9DA02EA9ACC200C5855A /* CardGenieTests.xctest */;
			productType = "com.apple.product-type.bundle.unit-test";
		};
		49CE9DA92EA9ACC200C5855A /* CardGenieUITests */ = {
			isa = PBXNativeTarget;
			buildConfigurationList = 49CE9DBA2EA9ACC200C5855A /* Build configuration list for PBXNativeTarget "CardGenieUITests" */;
			buildPhases = (
				49CE9DA62EA9ACC200C5855A /* Sources */,
				49CE9DA72EA9ACC200C5855A /* Frameworks */,
				49CE9DA82EA9ACC200C5855A /* Resources */,
			);
			buildRules = (
			);
			dependencies = (
				49CE9DAC2EA9ACC200C5855A /* PBXTargetDependency */,
			);
			fileSystemSynchronizedGroups = (
				49CE9DAD2EA9ACC200C5855A /* CardGenieUITests */,
			);
			name = CardGenieUITests;
			productName = CardGenieUITests;
			productReference = 49CE9DAA2EA9ACC200C5855A /* CardGenieUITests.xctest */;
			productType = "com.apple.product-type.bundle.ui-testing";
		};
		9785F725A72A5FC029215723 /* CardGenieWidgets */ = {
			isa = PBXNativeTarget;
			buildConfigurationList = D61A1583EDC67A8970821633 /* Build configuration list for PBXNativeTarget "CardGenieWidgets" */;
			buildPhases = (
				1E8E510CC59CFD81526E76BF /* Sources */,
				25EBDEDB0F4D95DB73580178 /* Frameworks */,
				11BA0E251FB2E34BDC0BE946 /* Resources */,
			);
			buildRules = (
			);
			dependencies = (
			);
			name = CardGenieWidgets;
			productName = CardGenieWidgets;
			productReference = 8E9077F3255B6E46E4489801 /* CardGenieWidgets.appex */;
			productType = "com.apple.product-type.app-extension";
		};
/* End PBXNativeTarget section */

/* Begin PBXProject section */
		49CE9D892EA9ACC100C5855A /* Project object */ = {
			isa = PBXProject;
			attributes = {
				BuildIndependentTargetsInParallel = 1;
				LastSwiftUpdateCheck = 2600;
				LastUpgradeCheck = 2600;
				TargetAttributes = {
					49CE9D902EA9ACC100C5855A = {
						CreatedOnToolsVersion = 26.0.1;
					};
					49CE9D9F2EA9ACC200C5855A = {
						CreatedOnToolsVersion = 26.0.1;
						TestTargetID = 49CE9D902EA9ACC100C5855A;
					};
					49CE9DA92EA9ACC200C5855A = {
						CreatedOnToolsVersion = 26.0.1;
						TestTargetID = 49CE9D902EA9ACC100C5855A;
					};
				};
			};
			buildConfigurationList = 49CE9D8C2EA9ACC100C5855A /* Build configuration list for PBXProject "CardGenie" */;
			developmentRegion = en;
			hasScannedForEncodings = 0;
			knownRegions = (
				en,
				Base,
			);
			mainGroup = 49CE9D882EA9ACC100C5855A;
			minimizedProjectReferenceProxies = 1;
			preferredProjectObjectVersion = 77;
			productRefGroup = 49CE9D922EA9ACC100C5855A /* Products */;
			projectDirPath = "";
			projectRoot = "";
			targets = (
				49CE9D902EA9ACC100C5855A /* CardGenie */,
				49CE9D9F2EA9ACC200C5855A /* CardGenieTests */,
				49CE9DA92EA9ACC200C5855A /* CardGenieUITests */,
				9785F725A72A5FC029215723 /* CardGenieWidgets */,
			);
		};
/* End PBXProject section */

/* Begin PBXResourcesBuildPhase section */
		11BA0E251FB2E34BDC0BE946 /* Resources */ = {
			isa = PBXResourcesBuildPhase;
			buildActionMask = 2147483647;
			files = (
			);
			runOnlyForDeploymentPostprocessing = 0;
		};
		49CE9D8F2EA9ACC100C5855A /* Resources */ = {
			isa = PBXResourcesBuildPhase;
			buildActionMask = 2147483647;
			files = (
			);
			runOnlyForDeploymentPostprocessing = 0;
		};
		49CE9D9E2EA9ACC200C5855A /* Resources */ = {
			isa = PBXResourcesBuildPhase;
			buildActionMask = 2147483647;
			files = (
			);
			runOnlyForDeploymentPostprocessing = 0;
		};
		49CE9DA82EA9ACC200C5855A /* Resources */ = {
			isa = PBXResourcesBuildPhase;
			buildActionMask = 2147483647;
			files = (
			);
			runOnlyForDeploymentPostprocessing = 0;
		};
/* End PBXResourcesBuildPhase section */

/* Begin PBXSourcesBuildPhase section */
		1E8E510CC59CFD81526E76BF /* Sources */ = {
			isa = PBXSourcesBuildPhase;
			buildActionMask = 2147483647;
			files = (
				0FD7C9A5E69888402B2966A5 /* CardGenieWidgets.swift in Sources */,
				9AE84A1FC40AE0CAC1B25140 /* DueCardsWidget.swift in Sources */,
				D4D6DBD567AC606A3E3385B6 /* StudyStreakWidget.swift in Sources */,
			);
			runOnlyForDeploymentPostprocessing = 0;
		};
		49CE9D8D2EA9ACC100C5855A /* Sources */ = {
			isa = PBXSourcesBuildPhase;
			buildActionMask = 2147483647;
			files = (
			);
			runOnlyForDeploymentPostprocessing = 0;
		};
		49CE9D9C2EA9ACC200C5855A /* Sources */ = {
			isa = PBXSourcesBuildPhase;
			buildActionMask = 2147483647;
			files = (
			);
			runOnlyForDeploymentPostprocessing = 0;
		};
		49CE9DA62EA9ACC200C5855A /* Sources */ = {
			isa = PBXSourcesBuildPhase;
			buildActionMask = 2147483647;
			files = (
			);
			runOnlyForDeploymentPostprocessing = 0;
		};
/* End PBXSourcesBuildPhase section */

/* Begin PBXTargetDependency section */
		49CE9DA22EA9ACC200C5855A /* PBXTargetDependency */ = {
			isa = PBXTargetDependency;
			target = 49CE9D902EA9ACC100C5855A /* CardGenie */;
			targetProxy = 49CE9DA12EA9ACC200C5855A /* PBXContainerItemProxy */;
		};
		49CE9DAC2EA9ACC200C5855A /* PBXTargetDependency */ = {
			isa = PBXTargetDependency;
			target = 49CE9D902EA9ACC100C5855A /* CardGenie */;
			targetProxy = 49CE9DAB2EA9ACC200C5855A /* PBXContainerItemProxy */;
		};
		A3F09CF5B4E7895C2856416E /* PBXTargetDependency */ = {
			isa = PBXTargetDependency;
			name = CardGenieWidgets;
			target = 9785F725A72A5FC029215723 /* CardGenieWidgets */;
			targetProxy = CB2ACD2092F113962DAF88A2 /* PBXContainerItemProxy */;
		};
/* End PBXTargetDependency section */

/* Begin XCBuildConfiguration section */
		49CE9DB22EA9ACC200C5855A /* Debug */ = {
			isa = XCBuildConfiguration;
			buildSettings = {
				ALWAYS_SEARCH_USER_PATHS = NO;
				ASSETCATALOG_COMPILER_GENERATE_SWIFT_ASSET_SYMBOL_EXTENSIONS = YES;
				CLANG_ANALYZER_NONNULL = YES;
				CLANG_ANALYZER_NUMBER_OBJECT_CONVERSION = YES_AGGRESSIVE;
				CLANG_CXX_LANGUAGE_STANDARD = "gnu++20";
				CLANG_ENABLE_MODULES = YES;
				CLANG_ENABLE_OBJC_ARC = YES;
				CLANG_ENABLE_OBJC_WEAK = YES;
				CLANG_WARN_BLOCK_CAPTURE_AUTORELEASING = YES;
				CLANG_WARN_BOOL_CONVERSION = YES;
				CLANG_WARN_COMMA = YES;
				CLANG_WARN_CONSTANT_CONVERSION = YES;
				CLANG_WARN_DEPRECATED_OBJC_IMPLEMENTATIONS = YES;
				CLANG_WARN_DIRECT_OBJC_ISA_USAGE = YES_ERROR;
				CLANG_WARN_DOCUMENTATION_COMMENTS = YES;
				CLANG_WARN_EMPTY_BODY = YES;
				CLANG_WARN_ENUM_CONVERSION = YES;
				CLANG_WARN_INFINITE_RECURSION = YES;
				CLANG_WARN_INT_CONVERSION = YES;
				CLANG_WARN_NON_LITERAL_NULL_CONVERSION = YES;
				CLANG_WARN_OBJC_IMPLICIT_RETAIN_SELF = YES;
				CLANG_WARN_OBJC_LITERAL_CONVERSION = YES;
				CLANG_WARN_OBJC_ROOT_CLASS = YES_ERROR;
				CLANG_WARN_QUOTED_INCLUDE_IN_FRAMEWORK_HEADER = YES;
				CLANG_WARN_RANGE_LOOP_ANALYSIS = YES;
				CLANG_WARN_STRICT_PROTOTYPES = YES;
				CLANG_WARN_SUSPICIOUS_MOVE = YES;
				CLANG_WARN_UNGUARDED_AVAILABILITY = YES_AGGRESSIVE;
				CLANG_WARN_UNREACHABLE_CODE = YES;
				CLANG_WARN__DUPLICATE_METHOD_MATCH = YES;
				COPY_PHASE_STRIP = NO;
				DEBUG_INFORMATION_FORMAT = dwarf;
				DEVELOPMENT_TEAM = UZD4BS94DT;
				ENABLE_STRICT_OBJC_MSGSEND = YES;
				ENABLE_TESTABILITY = YES;
				ENABLE_USER_SCRIPT_SANDBOXING = YES;
				GCC_C_LANGUAGE_STANDARD = gnu17;
				GCC_DYNAMIC_NO_PIC = NO;
				GCC_NO_COMMON_BLOCKS = YES;
				GCC_OPTIMIZATION_LEVEL = 0;
				GCC_PREPROCESSOR_DEFINITIONS = (
					"DEBUG=1",
					"$(inherited)",
				);
				GCC_WARN_64_TO_32_BIT_CONVERSION = YES;
				GCC_WARN_ABOUT_RETURN_TYPE = YES_ERROR;
				GCC_WARN_UNDECLARED_SELECTOR = YES;
				GCC_WARN_UNINITIALIZED_AUTOS = YES_AGGRESSIVE;
				GCC_WARN_UNUSED_FUNCTION = YES;
				GCC_WARN_UNUSED_VARIABLE = YES;
				IPHONEOS_DEPLOYMENT_TARGET = 26.0;
				LOCALIZATION_PREFERS_STRING_CATALOGS = YES;
				MTL_ENABLE_DEBUG_INFO = INCLUDE_SOURCE;
				MTL_FAST_MATH = YES;
				ONLY_ACTIVE_ARCH = YES;
				SDKROOT = iphoneos;
				SWIFT_ACTIVE_COMPILATION_CONDITIONS = "DEBUG $(inherited)";
				SWIFT_OPTIMIZATION_LEVEL = "-Onone";
			};
			name = Debug;
		};
		49CE9DB32EA9ACC200C5855A /* Release */ = {
			isa = XCBuildConfiguration;
			buildSettings = {
				ALWAYS_SEARCH_USER_PATHS = NO;
				ASSETCATALOG_COMPILER_GENERATE_SWIFT_ASSET_SYMBOL_EXTENSIONS = YES;
				CLANG_ANALYZER_NONNULL = YES;
				CLANG_ANALYZER_NUMBER_OBJECT_CONVERSION = YES_AGGRESSIVE;
				CLANG_CXX_LANGUAGE_STANDARD = "gnu++20";
				CLANG_ENABLE_MODULES = YES;
				CLANG_ENABLE_OBJC_ARC = YES;
				CLANG_ENABLE_OBJC_WEAK = YES;
				CLANG_WARN_BLOCK_CAPTURE_AUTORELEASING = YES;
				CLANG_WARN_BOOL_CONVERSION = YES;
				CLANG_WARN_COMMA = YES;
				CLANG_WARN_CONSTANT_CONVERSION = YES;
				CLANG_WARN_DEPRECATED_OBJC_IMPLEMENTATIONS = YES;
				CLANG_WARN_DIRECT_OBJC_ISA_USAGE = YES_ERROR;
				CLANG_WARN_DOCUMENTATION_COMMENTS = YES;
				CLANG_WARN_EMPTY_BODY = YES;
				CLANG_WARN_ENUM_CONVERSION = YES;
				CLANG_WARN_INFINITE_RECURSION = YES;
				CLANG_WARN_INT_CONVERSION = YES;
				CLANG_WARN_NON_LITERAL_NULL_CONVERSION = YES;
				CLANG_WARN_OBJC_IMPLICIT_RETAIN_SELF = YES;
				CLANG_WARN_OBJC_LITERAL_CONVERSION = YES;
				CLANG_WARN_OBJC_ROOT_CLASS = YES_ERROR;
				CLANG_WARN_QUOTED_INCLUDE_IN_FRAMEWORK_HEADER = YES;
				CLANG_WARN_RANGE_LOOP_ANALYSIS = YES;
				CLANG_WARN_STRICT_PROTOTYPES = YES;
				CLANG_WARN_SUSPICIOUS_MOVE = YES;
				CLANG_WARN_UNGUARDED_AVAILABILITY = YES_AGGRESSIVE;
				CLANG_WARN_UNREACHABLE_CODE = YES;
				CLANG_WARN__DUPLICATE_METHOD_MATCH = YES;
				COPY_PHASE_STRIP = NO;
				DEBUG_INFORMATION_FORMAT = "dwarf-with-dsym";
				DEVELOPMENT_TEAM = UZD4BS94DT;
				ENABLE_NS_ASSERTIONS = NO;
				ENABLE_STRICT_OBJC_MSGSEND = YES;
				ENABLE_USER_SCRIPT_SANDBOXING = YES;
				GCC_C_LANGUAGE_STANDARD = gnu17;
				GCC_NO_COMMON_BLOCKS = YES;
				GCC_WARN_64_TO_32_BIT_CONVERSION = YES;
				GCC_WARN_ABOUT_RETURN_TYPE = YES_ERROR;
				GCC_WARN_UNDECLARED_SELECTOR = YES;
				GCC_WARN_UNINITIALIZED_AUTOS = YES_AGGRESSIVE;
				GCC_WARN_UNUSED_FUNCTION = YES;
				GCC_WARN_UNUSED_VARIABLE = YES;
				IPHONEOS_DEPLOYMENT_TARGET = 26.0;
				LOCALIZATION_PREFERS_STRING_CATALOGS = YES;
				MTL_ENABLE_DEBUG_INFO = NO;
				MTL_FAST_MATH = YES;
				SDKROOT = iphoneos;
				SWIFT_COMPILATION_MODE = wholemodule;
				VALIDATE_PRODUCT = YES;
			};
			name = Release;
		};
		49CE9DB52EA9ACC200C5855A /* Debug */ = {
			isa = XCBuildConfiguration;
			buildSettings = {
				ASSETCATALOG_COMPILER_APPICON_NAME = AppIcon;
				ASSETCATALOG_COMPILER_GLOBAL_ACCENT_COLOR_NAME = AccentColor;
				CODE_SIGN_STYLE = Automatic;
				CURRENT_PROJECT_VERSION = 1;
				DEVELOPMENT_TEAM = UZD4BS94DT;
				ENABLE_PREVIEWS = YES;
				GENERATE_INFOPLIST_FILE = YES;
				INFOPLIST_KEY_NSCameraUsageDescription = "CardGenie needs camera access to scan study notes into flashcards.";
				INFOPLIST_KEY_NSMicrophoneUsageDescription = "CardGenie records audio to transcribe lectures into study materials.";
				INFOPLIST_KEY_NSPhotoLibraryUsageDescription = "CardGenie imports photos from your library to create study content.";
				INFOPLIST_KEY_NSSpeechRecognitionUsageDescription = "CardGenie transcribes your lectures on-device to generate study content.";
				INFOPLIST_KEY_UIApplicationSceneManifest_Generation = YES;
				INFOPLIST_KEY_UIApplicationSupportsIndirectInputEvents = YES;
				INFOPLIST_KEY_UILaunchScreen_Generation = YES;
				INFOPLIST_KEY_UISupportedInterfaceOrientations_iPad = "UIInterfaceOrientationPortrait UIInterfaceOrientationPortraitUpsideDown UIInterfaceOrientationLandscapeLeft UIInterfaceOrientationLandscapeRight";
				INFOPLIST_KEY_UISupportedInterfaceOrientations_iPhone = "UIInterfaceOrientationPortrait UIInterfaceOrientationLandscapeLeft UIInterfaceOrientationLandscapeRight";
				LD_RUNPATH_SEARCH_PATHS = (
					"$(inherited)",
					"@executable_path/Frameworks",
				);
				MARKETING_VERSION = 1.0;
				PRODUCT_BUNDLE_IDENTIFIER = com.rishabh.CardGenie;
				PRODUCT_NAME = "$(TARGET_NAME)";
				STRING_CATALOG_GENERATE_SYMBOLS = YES;
				SWIFT_APPROACHABLE_CONCURRENCY = YES;
				SWIFT_DEFAULT_ACTOR_ISOLATION = MainActor;
				SWIFT_EMIT_LOC_STRINGS = NO;
				SWIFT_UPCOMING_FEATURE_MEMBER_IMPORT_VISIBILITY = YES;
				SWIFT_VERSION = 5.0;
				TARGETED_DEVICE_FAMILY = "1,2";
			};
			name = Debug;
		};
		49CE9DB62EA9ACC200C5855A /* Release */ = {
			isa = XCBuildConfiguration;
			buildSettings = {
				ASSETCATALOG_COMPILER_APPICON_NAME = AppIcon;
				ASSETCATALOG_COMPILER_GLOBAL_ACCENT_COLOR_NAME = AccentColor;
				CODE_SIGN_STYLE = Automatic;
				CURRENT_PROJECT_VERSION = 1;
				DEVELOPMENT_TEAM = UZD4BS94DT;
				ENABLE_PREVIEWS = YES;
				GENERATE_INFOPLIST_FILE = YES;
				INFOPLIST_KEY_NSCameraUsageDescription = "CardGenie needs camera access to scan study notes into flashcards.";
				INFOPLIST_KEY_NSMicrophoneUsageDescription = "CardGenie records audio to transcribe lectures into study materials.";
				INFOPLIST_KEY_NSPhotoLibraryUsageDescription = "CardGenie imports photos from your library to create study content.";
				INFOPLIST_KEY_NSSpeechRecognitionUsageDescription = "CardGenie transcribes your lectures on-device to generate study content.";
				INFOPLIST_KEY_UIApplicationSceneManifest_Generation = YES;
				INFOPLIST_KEY_UIApplicationSupportsIndirectInputEvents = YES;
				INFOPLIST_KEY_UILaunchScreen_Generation = YES;
				INFOPLIST_KEY_UISupportedInterfaceOrientations_iPad = "UIInterfaceOrientationPortrait UIInterfaceOrientationPortraitUpsideDown UIInterfaceOrientationLandscapeLeft UIInterfaceOrientationLandscapeRight";
				INFOPLIST_KEY_UISupportedInterfaceOrientations_iPhone = "UIInterfaceOrientationPortrait UIInterfaceOrientationLandscapeLeft UIInterfaceOrientationLandscapeRight";
				LD_RUNPATH_SEARCH_PATHS = (
					"$(inherited)",
					"@executable_path/Frameworks",
				);
				MARKETING_VERSION = 1.0;
				PRODUCT_BUNDLE_IDENTIFIER = com.rishabh.CardGenie;
				PRODUCT_NAME = "$(TARGET_NAME)";
				STRING_CATALOG_GENERATE_SYMBOLS = YES;
				SWIFT_APPROACHABLE_CONCURRENCY = YES;
				SWIFT_DEFAULT_ACTOR_ISOLATION = MainActor;
				SWIFT_EMIT_LOC_STRINGS = NO;
				SWIFT_UPCOMING_FEATURE_MEMBER_IMPORT_VISIBILITY = YES;
				SWIFT_VERSION = 5.0;
				TARGETED_DEVICE_FAMILY = "1,2";
			};
			name = Release;
		};
		49CE9DB82EA9ACC200C5855A /* Debug */ = {
			isa = XCBuildConfiguration;
			buildSettings = {
				BUNDLE_LOADER = "$(TEST_HOST)";
				CODE_SIGN_STYLE = Automatic;
				CURRENT_PROJECT_VERSION = 1;
				DEVELOPMENT_TEAM = UZD4BS94DT;
				GENERATE_INFOPLIST_FILE = YES;
				IPHONEOS_DEPLOYMENT_TARGET = 26.0;
				MARKETING_VERSION = 1.0;
				PRODUCT_BUNDLE_IDENTIFIER = com.rishabh.CardGenieTests;
				PRODUCT_NAME = "$(TARGET_NAME)";
				STRING_CATALOG_GENERATE_SYMBOLS = NO;
				SWIFT_APPROACHABLE_CONCURRENCY = YES;
				SWIFT_EMIT_LOC_STRINGS = NO;
				SWIFT_UPCOMING_FEATURE_MEMBER_IMPORT_VISIBILITY = YES;
				SWIFT_VERSION = 5.0;
				TARGETED_DEVICE_FAMILY = "1,2";
				TEST_HOST = "$(BUILT_PRODUCTS_DIR)/CardGenie.app/$(BUNDLE_EXECUTABLE_FOLDER_PATH)/CardGenie";
			};
			name = Debug;
		};
		49CE9DB92EA9ACC200C5855A /* Release */ = {
			isa = XCBuildConfiguration;
			buildSettings = {
				BUNDLE_LOADER = "$(TEST_HOST)";
				CODE_SIGN_STYLE = Automatic;
				CURRENT_PROJECT_VERSION = 1;
				DEVELOPMENT_TEAM = UZD4BS94DT;
				GENERATE_INFOPLIST_FILE = YES;
				IPHONEOS_DEPLOYMENT_TARGET = 26.0;
				MARKETING_VERSION = 1.0;
				PRODUCT_BUNDLE_IDENTIFIER = com.rishabh.CardGenieTests;
				PRODUCT_NAME = "$(TARGET_NAME)";
				STRING_CATALOG_GENERATE_SYMBOLS = NO;
				SWIFT_APPROACHABLE_CONCURRENCY = YES;
				SWIFT_EMIT_LOC_STRINGS = NO;
				SWIFT_UPCOMING_FEATURE_MEMBER_IMPORT_VISIBILITY = YES;
				SWIFT_VERSION = 5.0;
				TARGETED_DEVICE_FAMILY = "1,2";
				TEST_HOST = "$(BUILT_PRODUCTS_DIR)/CardGenie.app/$(BUNDLE_EXECUTABLE_FOLDER_PATH)/CardGenie";
			};
			name = Release;
		};
		49CE9DBB2EA9ACC200C5855A /* Debug */ = {
			isa = XCBuildConfiguration;
			buildSettings = {
				CODE_SIGN_STYLE = Automatic;
				CURRENT_PROJECT_VERSION = 1;
				DEVELOPMENT_TEAM = UZD4BS94DT;
				GENERATE_INFOPLIST_FILE = YES;
				MARKETING_VERSION = 1.0;
				PRODUCT_BUNDLE_IDENTIFIER = com.rishabh.CardGenieUITests;
				PRODUCT_NAME = "$(TARGET_NAME)";
				STRING_CATALOG_GENERATE_SYMBOLS = NO;
				SWIFT_APPROACHABLE_CONCURRENCY = YES;
				SWIFT_EMIT_LOC_STRINGS = NO;
				SWIFT_UPCOMING_FEATURE_MEMBER_IMPORT_VISIBILITY = YES;
				SWIFT_VERSION = 5.0;
				TARGETED_DEVICE_FAMILY = "1,2";
				TEST_TARGET_NAME = CardGenie;
			};
			name = Debug;
		};
		49CE9DBC2EA9ACC200C5855A /* Release */ = {
			isa = XCBuildConfiguration;
			buildSettings = {
				CODE_SIGN_STYLE = Automatic;
				CURRENT_PROJECT_VERSION = 1;
				DEVELOPMENT_TEAM = UZD4BS94DT;
				GENERATE_INFOPLIST_FILE = YES;
				MARKETING_VERSION = 1.0;
				PRODUCT_BUNDLE_IDENTIFIER = com.rishabh.CardGenieUITests;
				PRODUCT_NAME = "$(TARGET_NAME)";
				STRING_CATALOG_GENERATE_SYMBOLS = NO;
				SWIFT_APPROACHABLE_CONCURRENCY = YES;
				SWIFT_EMIT_LOC_STRINGS = NO;
				SWIFT_UPCOMING_FEATURE_MEMBER_IMPORT_VISIBILITY = YES;
				SWIFT_VERSION = 5.0;
				TARGETED_DEVICE_FAMILY = "1,2";
				TEST_TARGET_NAME = CardGenie;
			};
			name = Release;
		};
		8217F15B3F3D970AD881A74B /* Debug */ = {
			isa = XCBuildConfiguration;
			buildSettings = {
				ASSETCATALOG_COMPILER_GLOBAL_ACCENT_COLOR_NAME = AccentColor;
				ASSETCATALOG_COMPILER_WIDGET_BACKGROUND_COLOR_NAME = WidgetBackground;
				CLANG_ENABLE_OBJC_WEAK = NO;
				CODE_SIGN_ENTITLEMENTS = CardGenieWidgets/CardGenieWidgets.entitlements;
				DEAD_CODE_STRIPPING = YES;
				GENERATE_INFOPLIST_FILE = NO;
				INFOPLIST_FILE = CardGenieWidgets/Info.plist;
				IPHONEOS_DEPLOYMENT_TARGET = 26.0;
				PRODUCT_BUNDLE_IDENTIFIER = com.rishabh.CardGenie.CardGenieWidgets;
				PRODUCT_MODULE_NAME = CardGenieWidgets;
				PRODUCT_NAME = "$(TARGET_NAME)";
				SDKROOT = iphoneos;
				SKIP_INSTALL = YES;
				SWIFT_VERSION = 6.0;
				TARGETED_DEVICE_FAMILY = "1,2";
			};
			name = Debug;
		};
		CD61748B8E609771E214ECAA /* Release */ = {
			isa = XCBuildConfiguration;
			buildSettings = {
				ASSETCATALOG_COMPILER_GLOBAL_ACCENT_COLOR_NAME = AccentColor;
				ASSETCATALOG_COMPILER_WIDGET_BACKGROUND_COLOR_NAME = WidgetBackground;
				CLANG_ENABLE_OBJC_WEAK = NO;
				CODE_SIGN_ENTITLEMENTS = CardGenieWidgets/CardGenieWidgets.entitlements;
				DEAD_CODE_STRIPPING = YES;
				GENERATE_INFOPLIST_FILE = NO;
				INFOPLIST_FILE = CardGenieWidgets/Info.plist;
				IPHONEOS_DEPLOYMENT_TARGET = 26.0;
				PRODUCT_BUNDLE_IDENTIFIER = com.rishabh.CardGenie.CardGenieWidgets;
				PRODUCT_MODULE_NAME = CardGenieWidgets;
				PRODUCT_NAME = "$(TARGET_NAME)";
				SDKROOT = iphoneos;
				SKIP_INSTALL = YES;
				SWIFT_VERSION = 6.0;
				TARGETED_DEVICE_FAMILY = "1,2";
				VALIDATE_PRODUCT = YES;
			};
			name = Release;
		};
/* End XCBuildConfiguration section */

/* Begin XCConfigurationList section */
		49CE9D8C2EA9ACC100C5855A /* Build configuration list for PBXProject "CardGenie" */ = {
			isa = XCConfigurationList;
			buildConfigurations = (
				49CE9DB22EA9ACC200C5855A /* Debug */,
				49CE9DB32EA9ACC200C5855A /* Release */,
			);
			defaultConfigurationIsVisible = 0;
			defaultConfigurationName = Release;
		};
		49CE9DB42EA9ACC200C5855A /* Build configuration list for PBXNativeTarget "CardGenie" */ = {
			isa = XCConfigurationList;
			buildConfigurations = (
				49CE9DB52EA9ACC200C5855A /* Debug */,
				49CE9DB62EA9ACC200C5855A /* Release */,
			);
			defaultConfigurationIsVisible = 0;
			defaultConfigurationName = Release;
		};
		49CE9DB72EA9ACC200C5855A /* Build configuration list for PBXNativeTarget "CardGenieTests" */ = {
			isa = XCConfigurationList;
			buildConfigurations = (
				49CE9DB82EA9ACC200C5855A /* Debug */,
				49CE9DB92EA9ACC200C5855A /* Release */,
			);
			defaultConfigurationIsVisible = 0;
			defaultConfigurationName = Release;
		};
		49CE9DBA2EA9ACC200C5855A /* Build configuration list for PBXNativeTarget "CardGenieUITests" */ = {
			isa = XCConfigurationList;
			buildConfigurations = (
				49CE9DBB2EA9ACC200C5855A /* Debug */,
				49CE9DBC2EA9ACC200C5855A /* Release */,
			);
			defaultConfigurationIsVisible = 0;
			defaultConfigurationName = Release;
		};
		D61A1583EDC67A8970821633 /* Build configuration list for PBXNativeTarget "CardGenieWidgets" */ = {
			isa = XCConfigurationList;
			buildConfigurations = (
				CD61748B8E609771E214ECAA /* Release */,
				8217F15B3F3D970AD881A74B /* Debug */,
			);
			defaultConfigurationIsVisible = 0;
			defaultConfigurationName = Release;
		};
/* End XCConfigurationList section */
	};
	rootObject = 49CE9D892EA9ACC100C5855A /* Project object */;
}
